# This file was autogenerated by Stack.
# You should not edit this file by hand.
# For more information, please see the documentation at:
#   https://docs.haskellstack.org/en/stable/lock_files

packages: []
snapshots:
- completed:
    sha256: 215cd7b317bc056574f30bdaaf10326af4c95c9f8e412462a126e55bbb6d66c6
    size: 695331
    url: https://raw.githubusercontent.com/commercialhaskell/stackage-snapshots/master/nightly/2023/10/21.yaml
  original: nightly-2023-10-21
